
Microsoft Visual Studio Solution File, Format Version 12.00
# Visual Studio Version 16
VisualStudioVersion = 16.0.30413.136
MinimumVisualStudioVersion = 10.0.40219.1
Project("{2150E333-8FDC-42A3-9474-1A3956D46DE8}") = "BLL", "BLL", "{E2F253D3-C110-49E7-9F14-9933E594222E}"
EndProject
Project("{2150E333-8FDC-42A3-9474-1A3956D46DE8}") = "DAL", "DAL", "{B75D3034-3BC8-434E-B860-1B2DDC1DC6A3}"
EndProject
Project("{2150E333-8FDC-42A3-9474-1A3956D46DE8}") = "Service", "Service", "{0E07916D-596F-49AC-BBC7-F6AA2A966DC6}"
EndProject
Project("{9A19103F-16F7-4668-BE54-9A1E7A4F7556}") = "Service.Oxygen", "Service.Electricity\Service.Oxygen.csproj", "{4CF87713-30ED-4E74-9E2D-0FF4B0BB3455}"
EndProject
Project("{9A19103F-16F7-4668-BE54-9A1E7A4F7556}") = "SecurityBLLManager", "SecurityBLLManager\SecurityBLLManager.csproj", "{F4D3AF49-DDCA-4D3A-AFCB-CB69372BD3A3}"
EndProject
Project("{9A19103F-16F7-4668-BE54-9A1E7A4F7556}") = "Context", "Context\Context.csproj", "{CD6D77FA-7F26-40EA-BF5D-AB08D6555BDA}"
EndProject
Project("{2150E333-8FDC-42A3-9474-1A3956D46DE8}") = "Library", "Library", "{60A7F120-803A-4BE7-A917-84CB31005E7A}"
EndProject
Project("{2150E333-8FDC-42A3-9474-1A3956D46DE8}") = "Common", "Common", "{DBD3B47C-A114-4799-86EB-4D467D9FEA6F}"
EndProject
Project("{2150E333-8FDC-42A3-9474-1A3956D46DE8}") = "DTO", "DTO", "{21A9E678-683C-4A63-95F0-BD1667D0D86F}"
EndProject
Project("{9A19103F-16F7-4668-BE54-9A1E7A4F7556}") = "Common.Electricity", "Common.Electricity\Common.Electricity.csproj", "{D52CD390-A702-4101-AAA0-64E4E2ECCD18}"
EndProject
Project("{9A19103F-16F7-4668-BE54-9A1E7A4F7556}") = "ModelClass", "ModelClass\ModelClass.csproj", "{4316911C-1668-4CBF-8E84-34E8A3155FCE}"
EndProject
Global
	GlobalSection(SolutionConfigurationPlatforms) = preSolution
		Debug|Any CPU = Debug|Any CPU
		Release|Any CPU = Release|Any CPU
	EndGlobalSection
	GlobalSection(ProjectConfigurationPlatforms) = postSolution
		{4CF87713-30ED-4E74-9E2D-0FF4B0BB3455}.Debug|Any CPU.ActiveCfg = Debug|Any CPU
		{4CF87713-30ED-4E74-9E2D-0FF4B0BB3455}.Debug|Any CPU.Build.0 = Debug|Any CPU
		{4CF87713-30ED-4E74-9E2D-0FF4B0BB3455}.Release|Any CPU.ActiveCfg = Release|Any CPU
		{4CF87713-30ED-4E74-9E2D-0FF4B0BB3455}.Release|Any CPU.Build.0 = Release|Any CPU
		{F4D3AF49-DDCA-4D3A-AFCB-CB69372BD3A3}.Debug|Any CPU.ActiveCfg = Debug|Any CPU
		{F4D3AF49-DDCA-4D3A-AFCB-CB69372BD3A3}.Debug|Any CPU.Build.0 = Debug|Any CPU
		{F4D3AF49-DDCA-4D3A-AFCB-CB69372BD3A3}.Release|Any CPU.ActiveCfg = Release|Any CPU
		{F4D3AF49-DDCA-4D3A-AFCB-CB69372BD3A3}.Release|Any CPU.Build.0 = Release|Any CPU
		{CD6D77FA-7F26-40EA-BF5D-AB08D6555BDA}.Debug|Any CPU.ActiveCfg = Debug|Any CPU
		{CD6D77FA-7F26-40EA-BF5D-AB08D6555BDA}.Debug|Any CPU.Build.0 = Debug|Any CPU
		{CD6D77FA-7F26-40EA-BF5D-AB08D6555BDA}.Release|Any CPU.ActiveCfg = Release|Any CPU
		{CD6D77FA-7F26-40EA-BF5D-AB08D6555BDA}.Release|Any CPU.Build.0 = Release|Any CPU
		{D52CD390-A702-4101-AAA0-64E4E2ECCD18}.Debug|Any CPU.ActiveCfg = Debug|Any CPU
		{D52CD390-A702-4101-AAA0-64E4E2ECCD18}.Debug|Any CPU.Build.0 = Debug|Any CPU
		{D52CD390-A702-4101-AAA0-64E4E2ECCD18}.Release|Any CPU.ActiveCfg = Release|Any CPU
		{D52CD390-A702-4101-AAA0-64E4E2ECCD18}.Release|Any CPU.Build.0 = Release|Any CPU
		{4316911C-1668-4CBF-8E84-34E8A3155FCE}.Debug|Any CPU.ActiveCfg = Debug|Any CPU
		{4316911C-1668-4CBF-8E84-34E8A3155FCE}.Debug|Any CPU.Build.0 = Debug|Any CPU
		{4316911C-1668-4CBF-8E84-34E8A3155FCE}.Release|Any CPU.ActiveCfg = Release|Any CPU
		{4316911C-1668-4CBF-8E84-34E8A3155FCE}.Release|Any CPU.Build.0 = Release|Any CPU
	EndGlobalSection
	GlobalSection(SolutionProperties) = preSolution
		HideSolutionNode = FALSE
	EndGlobalSection
	GlobalSection(NestedProjects) = preSolution
		{4CF87713-30ED-4E74-9E2D-0FF4B0BB3455} = {0E07916D-596F-49AC-BBC7-F6AA2A966DC6}
		{F4D3AF49-DDCA-4D3A-AFCB-CB69372BD3A3} = {E2F253D3-C110-49E7-9F14-9933E594222E}
		{CD6D77FA-7F26-40EA-BF5D-AB08D6555BDA} = {B75D3034-3BC8-434E-B860-1B2DDC1DC6A3}
		{DBD3B47C-A114-4799-86EB-4D467D9FEA6F} = {60A7F120-803A-4BE7-A917-84CB31005E7A}
		{21A9E678-683C-4A63-95F0-BD1667D0D86F} = {60A7F120-803A-4BE7-A917-84CB31005E7A}
		{D52CD390-A702-4101-AAA0-64E4E2ECCD18} = {DBD3B47C-A114-4799-86EB-4D467D9FEA6F}
		{4316911C-1668-4CBF-8E84-34E8A3155FCE} = {21A9E678-683C-4A63-95F0-BD1667D0D86F}
	EndGlobalSection
	GlobalSection(ExtensibilityGlobals) = postSolution
		SolutionGuid = {726A3D79-1F12-4C98-9B85-07AD26BF0972}
	EndGlobalSection
EndGlobal
